<?xml version="1.0" encoding="utf-8"?>
<Project ToolsVersion="4.0" xmlns="http://schemas.microsoft.com/developer/msbuild/2003">
  <ItemGroup>
    <Filter Include="Source Files">
      <UniqueIdentifier>{4FC737F1-C7A5-4376-A066-2A32D752A2FF}</UniqueIdentifier>
      <Extensions>cpp;c;cc;cxx;def;odl;idl;hpj;bat;asm;asmx</Extensions>
    </Filter>
    <Filter Include="Header Files">
      <UniqueIdentifier>{93995380-89BD-4b04-88EB-625FBE52EBFB}</UniqueIdentifier>
      <Extensions>h;hpp;hxx;hm;inl;inc;xsd</Extensions>
    </Filter>
    <Filter Include="Resource Files">
      <UniqueIdentifier>{67DA6AB6-F800-4c08-8B7A-83BB121AAD01}</UniqueIdentifier>
      <Extensions>rc;ico;cur;bmp;dlg;rc2;rct;bin;rgs;gif;jpg;jpeg;jpe;resx;tiff;tif;png;wav;mfcribbon-ms</Extensions>
    </Filter>
    <Filter Include="Source Files\compiler">
      <UniqueIdentifier>{556cb480-18b6-4e1f-ab74-c4edcbc836f5}</UniqueIdentifier>
    </Filter>
    <Filter Include="Source Files\runtime">
      <UniqueIdentifier>{ad0216f0-43e3-46c3-aa35-2a3e77cf1921}</UniqueIdentifier>
    </Filter>
    <Filter Include="Source Files\common">
      <UniqueIdentifier>{be90d123-933c-45bb-b263-7ce7bef05ead}</UniqueIdentifier>
    </Filter>
    <Filter Include="Source Files\loader">
      <UniqueIdentifier>{7476d175-6e83-4284-bdab-5d55fa04577c}</UniqueIdentifier>
    </Filter>
    <Filter Include="Source Files\drivers">
      <UniqueIdentifier>{d4fc89cb-02db-4fea-8fdf-329779aa52bf}</UniqueIdentifier>
    </Filter>
  </ItemGroup>
  <ItemGroup>
    <None Include="ReadMe.txt" />
  </ItemGroup>
  <ItemGroup>
    <ClCompile Include="..\src\compiler\db_compiler.c">
      <Filter>Source Files\compiler</Filter>
    </ClCompile>
    <ClCompile Include="..\src\compiler\xbcom.c">
      <Filter>Source Files\compiler</Filter>
    </ClCompile>
    <ClCompile Include="..\src\compiler\db_expr.c">
      <Filter>Source Files\compiler</Filter>
    </ClCompile>
    <ClCompile Include="..\src\compiler\db_generate.c">
      <Filter>Source Files\compiler</Filter>
    </ClCompile>
    <ClCompile Include="..\src\compiler\db_scan.c">
      <Filter>Source Files\compiler</Filter>
    </ClCompile>
    <ClCompile Include="..\src\compiler\db_statement.c">
      <Filter>Source Files\compiler</Filter>
    </ClCompile>
    <ClCompile Include="..\src\compiler\db_symbols.c">
      <Filter>Source Files\compiler</Filter>
    </ClCompile>
    <ClCompile Include="..\src\compiler\db_types.c">
      <Filter>Source Files\compiler</Filter>
    </ClCompile>
    <ClCompile Include="..\src\compiler\db_wrimage.c">
      <Filter>Source Files\compiler</Filter>
    </ClCompile>
    <ClCompile Include="..\src\runtime\db_vmdebug.c">
      <Filter>Source Files\runtime</Filter>
    </ClCompile>
    <ClCompile Include="..\src\common\db_config.c">
      <Filter>Source Files\common</Filter>
    </ClCompile>
    <ClCompile Include="..\src\common\db_system.c">
      <Filter>Source Files\common</Filter>
    </ClCompile>
    <ClCompile Include="..\src\loader\db_loader.c">
      <Filter>Source Files\loader</Filter>
    </ClCompile>
    <ClCompile Include="..\src\loader\db_packet.c">
      <Filter>Source Files\loader</Filter>
    </ClCompile>
    <ClCompile Include="..\src\loader\PLoadLib.c">
      <Filter>Source Files\loader</Filter>
    </ClCompile>
    <ClCompile Include="..\obj\cygwin\flash_loader.c">
      <Filter>Source Files\drivers</Filter>
    </ClCompile>
    <ClCompile Include="..\obj\cygwin\hub_loader.c">
      <Filter>Source Files\drivers</Filter>
    </ClCompile>
    <ClCompile Include="..\obj\cygwin\serial_helper.c">
      <Filter>Source Files\drivers</Filter>
    </ClCompile>
    <ClCompile Include="..\obj\cygwin\xbasic_vm.c">
      <Filter>Source Files\drivers</Filter>
    </ClCompile>
    <ClCompile Include="..\src\common\osint_win32.c">
      <Filter>Source Files\loader</Filter>
    </ClCompile>
    <ClCompile Include="..\src\compiler\xb_api.c">
      <Filter>Source Files\compiler</Filter>
    </ClCompile>
    <ClCompile Include="..\src\common\mem_malloc.c">
      <Filter>Source Files\common</Filter>
    </ClCompile>
  </ItemGroup>
  <ItemGroup>
    <ClInclude Include="..\src\compiler\db_compiler.h">
      <Filter>Source Files\compiler</Filter>
    </ClInclude>
    <ClInclude Include="..\src\runtime\db_vmdebug.h">
      <Filter>Source Files\runtime</Filter>
    </ClInclude>
    <ClInclude Include="..\src\common\db_config.h">
      <Filter>Source Files\common</Filter>
    </ClInclude>
    <ClInclude Include="..\src\common\db_image.h">
      <Filter>Source Files\common</Filter>
    </ClInclude>
    <ClInclude Include="..\src\common\db_system.h">
      <Filter>Source Files\common</Filter>
    </ClInclude>
    <ClInclude Include="..\src\loader\db_loader.h">
      <Filter>Source Files\loader</Filter>
    </ClInclude>
    <ClInclude Include="..\src\loader\db_packet.h">
      <Filter>Source Files\loader</Filter>
    </ClInclude>
    <ClInclude Include="..\src\loader\PLoadLib.h">
      <Filter>Source Files\loader</Filter>
    </ClInclude>
    <ClInclude Include="..\src\compiler\xb_api.h">
      <Filter>Source Files\compiler</Filter>
    </ClInclude>
    <ClInclude Include="..\src\common\mem_malloc.h">
      <Filter>Source Files\common</Filter>
    </ClInclude>
  </ItemGroup>
</Project>